<Solution>
  <Configurations>
    <Platform Name="ARM64" />
    <Platform Name="x64" />
  </Configurations>
  <Project Path="src/ObservableCollections/ObservableCollections.csproj">
    <Platform Solution="*|ARM64" Project="ARM64" />
    <Platform Solution="*|x64" Project="x64" />
  </Project>
  <Project Path="src/ObservableCollections.SourceGenerator/ObservableCollections.SourceGenerator.csproj">
    <Platform Solution="*|ARM64" Project="ARM64" />
    <Platform Solution="*|x64" Project="x64" />
  </Project>
</Solution>
